Microsoft Visual Studio Solution File, Format Version 12.00
# Visual Studio Version 17
VisualStudioVersion = 17.6.33424.131
MinimumVisualStudioVersion = 10.0.40219.1
Project("{FAE04EC0-301F-11D3-BF4B-00C04F79EFBC}") = "Congrats.Worker", "src/Congrats.Worker/Congrats.Worker.csproj", "{03292F07-0509-41E6-962A-6404932437DE}"
EndProject
Project("{FAE04EC0-301F-11D3-BF4B-00C04F79EFBC}") = "Congrats.Tests", "tests/Congrats.Tests/Congrats.Tests.csproj", "{1EAEFC70-260A-492E-AF81-9B32468108DA}"
EndProject
Global
GlobalSection(SolutionConfigurationPlatforms) = preSolution
Debug|Any CPU = Debug|Any CPU
Release|Any CPU = Release|Any CPU
EndGlobalSection
GlobalSection(ProjectConfigurationPlatforms) = postSolution
{03292F07-0509-41E6-962A-6404932437DE}.Debug|Any CPU.ActiveCfg = Debug|Any CPU
{03292F07-0509-41E6-962A-6404932437DE}.Debug|Any CPU.Build.0 = Debug|Any CPU
{03292F07-0509-41E6-962A-6404932437DE}.Release|Any CPU.ActiveCfg = Release|Any CPU
{03292F07-0509-41E6-962A-6404932437DE}.Release|Any CPU.Build.0 = Release|Any CPU
{1EAEFC70-260A-492E-AF81-9B32468108DA}.Debug|Any CPU.ActiveCfg = Debug|Any CPU
{1EAEFC70-260A-492E-AF81-9B32468108DA}.Debug|Any CPU.Build.0 = Debug|Any CPU
{1EAEFC70-260A-492E-AF81-9B32468108DA}.Release|Any CPU.ActiveCfg = Release|Any CPU
{1EAEFC70-260A-492E-AF81-9B32468108DA}.Release|Any CPU.Build.0 = Release|Any CPU
EndGlobalSection
GlobalSection(SolutionProperties) = preSolution
HideSolutionNode = FALSE
EndGlobalSection
EndGlobal
